{
  "version": "3",
  "packages": {
    "specifiers": {
      "npm:commander": "npm:commander@11.1.0",
      "npm:commander@11": "npm:commander@11.1.0",
      "npm:evlib@1.3.0": "npm:evlib@1.3.0",
      "npm:evlib@1.3.x": "npm:evlib@1.3.0"
    },
    "npm": {
      "commander@11.1.0": {
        "integrity": "sha512-yPVavfyCcRhmorC7rWlkHn15b4wDVgVmBA7kV4QVBsF7kv/9TKJAbAXVTxvTnwP8HHKjRCJDClKbciiYS7p0DQ==",
        "dependencies": {}
      },
      "evlib@1.3.0": {
        "integrity": "sha512-kGvshWV/P5CBkKa958RtRmCNscK44lI/6QS9GzKd8XfbqauPKmGdC67DV0Tzk4gCVlBenaxkEIwc7XXWsmAUgA==",
        "dependencies": {}
      }
    }
  },
  "remote": {}
}
